
Microsoft Visual Studio Solution File, Format Version 12.00
# Visual Studio Version 16
VisualStudioVersion = 16.0.30114.105
MinimumVisualStudioVersion = 10.0.40219.1
Project("{FAE04EC0-301F-11D3-BF4B-00C04F79EFBC}") = "LabExercise01", "LabExercise01\LabExercise01.csproj", "{33BB881B-E3DF-4937-8122-7442F84708ED}"
EndProject
Project("{FAE04EC0-301F-11D3-BF4B-00C04F79EFBC}") = "Week1_HelloWorld", "HelloWorld\Week1_HelloWorld.csproj", "{C9031E20-19B4-4372-B622-619E5A894BEE}"
EndProject
Project("{FAE04EC0-301F-11D3-BF4B-00C04F79EFBC}") = "Week2_Intro", "Week2-IntroClassesObjectsMethods\Week2_Intro.csproj", "{FC7B682F-F12A-4A75-83BD-53F9C73F4736}"
EndProject
Project("{FAE04EC0-301F-11D3-BF4B-00C04F79EFBC}") = "Week2_FileIO", "Week2_FileIO\Week2_FileIO.csproj", "{8811DA31-DB2A-4F39-9705-5417288411F0}"
EndProject
Project("{FAE04EC0-301F-11D3-BF4B-00C04F79EFBC}") = "LabExercise02_Part1", "Week2LabExercise2\LabExercise02_Part1.csproj", "{D34E33B7-7925-47F5-A660-52E931BF574A}"
EndProject
Project("{FAE04EC0-301F-11D3-BF4B-00C04F79EFBC}") = "Week3_LINQ", "Week3_LINQ\Week3_LINQ.csproj", "{76754385-DE50-4777-9B1F-83A54D3BF7BA}"
EndProject
Project("{FAE04EC0-301F-11D3-BF4B-00C04F79EFBC}") = "Week3_Collections", "Week3_Collections\Week3_Collections.csproj", "{8B36EA85-6D9F-49DC-BE1A-D2894AB07688}"
EndProject
Project("{FAE04EC0-301F-11D3-BF4B-00C04F79EFBC}") = "Week3_WindowsFormsControls", "..\ProgrammingDotNetLecturePrep\Week3_WindowsFormsControls\Week3_WindowsFormsControls.csproj", "{FF3DBC11-ABEE-427D-BB11-0A47F648A1EF}"
EndProject
Project("{FAE04EC0-301F-11D3-BF4B-00C04F79EFBC}") = "LabExercise03_Part1", "LabExercise03_Part1\LabExercise03_Part1.csproj", "{20B9079B-ECB7-43BF-8ADF-BCAE3C61B3CB}"
EndProject
Project("{FAE04EC0-301F-11D3-BF4B-00C04F79EFBC}") = "Week4_Inheritance", "Week4_Inheritance\Week4_Inheritance.csproj", "{2A79F208-91CC-4127-B4D6-6A194C0DD32C}"
EndProject
Project("{FAE04EC0-301F-11D3-BF4B-00C04F79EFBC}") = "Week4_ClassesAndObjectsDeeperLook", "Week4_ClassesAndObjectsDeeperLook\Week4_ClassesAndObjectsDeeperLook.csproj", "{35DEE6E7-4578-4C4F-ADF9-82EFF7476D34}"
EndProject
Global
	GlobalSection(SolutionConfigurationPlatforms) = preSolution
		Debug|Any CPU = Debug|Any CPU
		Release|Any CPU = Release|Any CPU
	EndGlobalSection
	GlobalSection(ProjectConfigurationPlatforms) = postSolution
		{33BB881B-E3DF-4937-8122-7442F84708ED}.Debug|Any CPU.ActiveCfg = Debug|Any CPU
		{33BB881B-E3DF-4937-8122-7442F84708ED}.Debug|Any CPU.Build.0 = Debug|Any CPU
		{33BB881B-E3DF-4937-8122-7442F84708ED}.Release|Any CPU.ActiveCfg = Release|Any CPU
		{33BB881B-E3DF-4937-8122-7442F84708ED}.Release|Any CPU.Build.0 = Release|Any CPU
		{C9031E20-19B4-4372-B622-619E5A894BEE}.Debug|Any CPU.ActiveCfg = Debug|Any CPU
		{C9031E20-19B4-4372-B622-619E5A894BEE}.Debug|Any CPU.Build.0 = Debug|Any CPU
		{C9031E20-19B4-4372-B622-619E5A894BEE}.Release|Any CPU.ActiveCfg = Release|Any CPU
		{C9031E20-19B4-4372-B622-619E5A894BEE}.Release|Any CPU.Build.0 = Release|Any CPU
		{FC7B682F-F12A-4A75-83BD-53F9C73F4736}.Debug|Any CPU.ActiveCfg = Debug|Any CPU
		{FC7B682F-F12A-4A75-83BD-53F9C73F4736}.Debug|Any CPU.Build.0 = Debug|Any CPU
		{FC7B682F-F12A-4A75-83BD-53F9C73F4736}.Release|Any CPU.ActiveCfg = Release|Any CPU
		{FC7B682F-F12A-4A75-83BD-53F9C73F4736}.Release|Any CPU.Build.0 = Release|Any CPU
		{8811DA31-DB2A-4F39-9705-5417288411F0}.Debug|Any CPU.ActiveCfg = Debug|Any CPU
		{8811DA31-DB2A-4F39-9705-5417288411F0}.Debug|Any CPU.Build.0 = Debug|Any CPU
		{8811DA31-DB2A-4F39-9705-5417288411F0}.Release|Any CPU.ActiveCfg = Release|Any CPU
		{8811DA31-DB2A-4F39-9705-5417288411F0}.Release|Any CPU.Build.0 = Release|Any CPU
		{D34E33B7-7925-47F5-A660-52E931BF574A}.Debug|Any CPU.ActiveCfg = Debug|Any CPU
		{D34E33B7-7925-47F5-A660-52E931BF574A}.Debug|Any CPU.Build.0 = Debug|Any CPU
		{D34E33B7-7925-47F5-A660-52E931BF574A}.Release|Any CPU.ActiveCfg = Release|Any CPU
		{D34E33B7-7925-47F5-A660-52E931BF574A}.Release|Any CPU.Build.0 = Release|Any CPU
		{76754385-DE50-4777-9B1F-83A54D3BF7BA}.Debug|Any CPU.ActiveCfg = Debug|Any CPU
		{76754385-DE50-4777-9B1F-83A54D3BF7BA}.Debug|Any CPU.Build.0 = Debug|Any CPU
		{76754385-DE50-4777-9B1F-83A54D3BF7BA}.Release|Any CPU.ActiveCfg = Release|Any CPU
		{76754385-DE50-4777-9B1F-83A54D3BF7BA}.Release|Any CPU.Build.0 = Release|Any CPU
		{8B36EA85-6D9F-49DC-BE1A-D2894AB07688}.Debug|Any CPU.ActiveCfg = Debug|Any CPU
		{8B36EA85-6D9F-49DC-BE1A-D2894AB07688}.Debug|Any CPU.Build.0 = Debug|Any CPU
		{8B36EA85-6D9F-49DC-BE1A-D2894AB07688}.Release|Any CPU.ActiveCfg = Release|Any CPU
		{8B36EA85-6D9F-49DC-BE1A-D2894AB07688}.Release|Any CPU.Build.0 = Release|Any CPU
		{FF3DBC11-ABEE-427D-BB11-0A47F648A1EF}.Debug|Any CPU.ActiveCfg = Debug|Any CPU
		{FF3DBC11-ABEE-427D-BB11-0A47F648A1EF}.Debug|Any CPU.Build.0 = Debug|Any CPU
		{FF3DBC11-ABEE-427D-BB11-0A47F648A1EF}.Release|Any CPU.ActiveCfg = Release|Any CPU
		{FF3DBC11-ABEE-427D-BB11-0A47F648A1EF}.Release|Any CPU.Build.0 = Release|Any CPU
		{20B9079B-ECB7-43BF-8ADF-BCAE3C61B3CB}.Debug|Any CPU.ActiveCfg = Debug|Any CPU
		{20B9079B-ECB7-43BF-8ADF-BCAE3C61B3CB}.Debug|Any CPU.Build.0 = Debug|Any CPU
		{20B9079B-ECB7-43BF-8ADF-BCAE3C61B3CB}.Release|Any CPU.ActiveCfg = Release|Any CPU
		{20B9079B-ECB7-43BF-8ADF-BCAE3C61B3CB}.Release|Any CPU.Build.0 = Release|Any CPU
		{2A79F208-91CC-4127-B4D6-6A194C0DD32C}.Debug|Any CPU.ActiveCfg = Debug|Any CPU
		{2A79F208-91CC-4127-B4D6-6A194C0DD32C}.Debug|Any CPU.Build.0 = Debug|Any CPU
		{2A79F208-91CC-4127-B4D6-6A194C0DD32C}.Release|Any CPU.ActiveCfg = Release|Any CPU
		{2A79F208-91CC-4127-B4D6-6A194C0DD32C}.Release|Any CPU.Build.0 = Release|Any CPU
		{35DEE6E7-4578-4C4F-ADF9-82EFF7476D34}.Debug|Any CPU.ActiveCfg = Debug|Any CPU
		{35DEE6E7-4578-4C4F-ADF9-82EFF7476D34}.Debug|Any CPU.Build.0 = Debug|Any CPU
		{35DEE6E7-4578-4C4F-ADF9-82EFF7476D34}.Release|Any CPU.ActiveCfg = Release|Any CPU
		{35DEE6E7-4578-4C4F-ADF9-82EFF7476D34}.Release|Any CPU.Build.0 = Release|Any CPU
	EndGlobalSection
	GlobalSection(SolutionProperties) = preSolution
		HideSolutionNode = FALSE
	EndGlobalSection
	GlobalSection(ExtensibilityGlobals) = postSolution
		SolutionGuid = {790F16EB-146F-4A47-80EE-214F8AD2B760}
	EndGlobalSection
EndGlobal
