
Microsoft Visual Studio Solution File, Format Version 12.00
# Visual Studio Version 16
VisualStudioVersion = 16.0.30114.105
MinimumVisualStudioVersion = 10.0.40219.1
Project("{FAE04EC0-301F-11D3-BF4B-00C04F79EFBC}") = "LabExercise01", "LabExercise01\LabExercise01.csproj", "{33BB881B-E3DF-4937-8122-7442F84708ED}"
EndProject
Project("{FAE04EC0-301F-11D3-BF4B-00C04F79EFBC}") = "Week1_HelloWorld", "HelloWorld\Week1_HelloWorld.csproj", "{C9031E20-19B4-4372-B622-619E5A894BEE}"
EndProject
Project("{FAE04EC0-301F-11D3-BF4B-00C04F79EFBC}") = "Week2_Intro", "Week2-IntroClassesObjectsMethods\Week2_Intro.csproj", "{FC7B682F-F12A-4A75-83BD-53F9C73F4736}"
EndProject
Project("{FAE04EC0-301F-11D3-BF4B-00C04F79EFBC}") = "Week2_FileIO", "Week2_FileIO\Week2_FileIO.csproj", "{8811DA31-DB2A-4F39-9705-5417288411F0}"
EndProject
Project("{FAE04EC0-301F-11D3-BF4B-00C04F79EFBC}") = "LabExercise02_Part1", "Week2LabExercise2\LabExercise02_Part1.csproj", "{D34E33B7-7925-47F5-A660-52E931BF574A}"
EndProject
Project("{FAE04EC0-301F-11D3-BF4B-00C04F79EFBC}") = "Week3_LINQ", "Week3_LINQ\Week3_LINQ.csproj", "{76754385-DE50-4777-9B1F-83A54D3BF7BA}"
EndProject
Project("{FAE04EC0-301F-11D3-BF4B-00C04F79EFBC}") = "Week3_Collections", "Week3_Collections\Week3_Collections.csproj", "{8B36EA85-6D9F-49DC-BE1A-D2894AB07688}"
EndProject
Project("{FAE04EC0-301F-11D3-BF4B-00C04F79EFBC}") = "Week3_WindowsFormsControls", "..\ProgrammingDotNetLecturePrep\Week3_WindowsFormsControls\Week3_WindowsFormsControls.csproj", "{FF3DBC11-ABEE-427D-BB11-0A47F648A1EF}"
EndProject
Project("{FAE04EC0-301F-11D3-BF4B-00C04F79EFBC}") = "LabExercise03_Part1", "LabExercise03_Part1\LabExercise03_Part1.csproj", "{20B9079B-ECB7-43BF-8ADF-BCAE3C61B3CB}"
EndProject
Project("{FAE04EC0-301F-11D3-BF4B-00C04F79EFBC}") = "Week4_Inheritance", "Week4_Inheritance\Week4_Inheritance.csproj", "{2A79F208-91CC-4127-B4D6-6A194C0DD32C}"
EndProject
Project("{FAE04EC0-301F-11D3-BF4B-00C04F79EFBC}") = "Week4_ClassesAndObjectsDeeperLook", "Week4_ClassesAndObjectsDeeperLook\Week4_ClassesAndObjectsDeeperLook.csproj", "{35DEE6E7-4578-4C4F-ADF9-82EFF7476D34}"
EndProject
Project("{FAE04EC0-301F-11D3-BF4B-00C04F79EFBC}") = "Week4_StructsAndOperatorOverloading", "Week4_StructsAndOperatorOverloading\Week4_StructsAndOperatorOverloading.csproj", "{E0877EDB-9F57-4614-AE05-F582FC8DC28B}"
EndProject
Project("{FAE04EC0-301F-11D3-BF4B-00C04F79EFBC}") = "Week5_Polymorphism", "Week5_Polymorphism\Week5_Polymorphism.csproj", "{D4A3FD23-7375-4A58-A93C-54A5AC7F9A0A}"
EndProject
Project("{FAE04EC0-301F-11D3-BF4B-00C04F79EFBC}") = "Week5_Exceptions", "Week5_Exceptions\Week5_Exceptions.csproj", "{7EEF8D72-FDE5-45EB-81A0-5AD5897ADEBC}"
EndProject
Project("{FAE04EC0-301F-11D3-BF4B-00C04F79EFBC}") = "Week7_CheckedListBox", "Week7_CheckedListBox\Week7_CheckedListBox.csproj", "{0C44E004-7987-4B2F-B497-18C24416BB81}"
EndProject
Project("{FAE04EC0-301F-11D3-BF4B-00C04F79EFBC}") = "Week7_DateTimePicker", "Week7_DateTimePicker\Week7_DateTimePicker.csproj", "{5FBDF4B0-501C-4B32-A621-214DE62B521B}"
EndProject
Project("{FAE04EC0-301F-11D3-BF4B-00C04F79EFBC}") = "Week7_ListView", "Week7_ListView\Week7_ListView.csproj", "{C2AF93A9-7EF7-43A5-AEC7-8560316324CF}"
EndProject
Project("{FAE04EC0-301F-11D3-BF4B-00C04F79EFBC}") = "Week7_TabControl", "Week7_TabControl\Week7_TabControl.csproj", "{8A5A7D43-7710-4C1D-85C1-3B69BC66BFB8}"
EndProject
Project("{FAE04EC0-301F-11D3-BF4B-00C04F79EFBC}") = "Week7_TreeView", "Week7_TreeView\Week7_TreeView.csproj", "{167543CE-2EA4-43F6-98BC-F4E8777E3840}"
EndProject
Project("{FAE04EC0-301F-11D3-BF4B-00C04F79EFBC}") = "Week7_MultipleDocumentInterface", "Week7_MultipleDocumentInterface\Week7_MultipleDocumentInterface.csproj", "{F1463741-5AFF-4479-8675-6A89CAA1C673}"
EndProject
Project("{FAE04EC0-301F-11D3-BF4B-00C04F79EFBC}") = "Week7_LinkLabel", "Week7_LinkLabel\Week7_LinkLabel.csproj", "{BAAA1469-8FA1-4629-8DD6-013547152E1E}"
EndProject
Project("{FAE04EC0-301F-11D3-BF4B-00C04F79EFBC}") = "Week7_Menus", "Week7_GUIPart2\Week7_Menus.csproj", "{B4EA7499-C871-4988-A8CB-B18DF77010AE}"
EndProject
Project("{FAE04EC0-301F-11D3-BF4B-00C04F79EFBC}") = "Week7_ListBox", "Week7_ListBox\Week7_ListBox.csproj", "{8E81DF33-3405-4EE3-A31E-FBBE47DE28E8}"
EndProject
Project("{FAE04EC0-301F-11D3-BF4B-00C04F79EFBC}") = "Week7_UserDefinedControls", "..\ProgrammingDotNetLecturePrep\Week7_UserDefinedControls\Week7_UserDefinedControls.csproj", "{BC4EA7EF-8BC9-4D0C-A552-995775D25A0A}"
EndProject
Project("{FAE04EC0-301F-11D3-BF4B-00C04F79EFBC}") = "Week7_VisualInheritanceBase", "..\ProgrammingDotNetLecturePrep\Week7_VisualInheritance\Week7_VisualInheritanceBase.csproj", "{B0A0995A-7321-458B-948B-AE6FF198F917}"
EndProject
Project("{FAE04EC0-301F-11D3-BF4B-00C04F79EFBC}") = "Week7_VisualInheritanceExample", "..\ProgrammingDotNetLecturePrep\Week7_VisualInheritanceExample\Week7_VisualInheritanceExample.csproj", "{C493CF01-3AEE-4661-81C2-BD8C83138366}"
EndProject
Project("{FAE04EC0-301F-11D3-BF4B-00C04F79EFBC}") = "Week5_DivideByZeroExceptionHandling", "DivideByZeroExceptionHandling\Week5_DivideByZeroExceptionHandling.csproj", "{6BC683A3-E353-4A89-BF15-004BDE9305F5}"
EndProject
Project("{FAE04EC0-301F-11D3-BF4B-00C04F79EFBC}") = "Week5_ReleasingResources", "Weeek5_ReleasingResources\Week5_ReleasingResources.csproj", "{0B974290-3DED-45AC-B80A-C8C3115ED59F}"
EndProject
Project("{FAE04EC0-301F-11D3-BF4B-00C04F79EFBC}") = "Week5_ExceptionProperties", "Week5_ExceptionProperties\Week5_ExceptionProperties.csproj", "{8781909A-4B6B-4DFA-B4FD-CA5897133D98}"
EndProject
Project("{FAE04EC0-301F-11D3-BF4B-00C04F79EFBC}") = "Week9_Delegates", "Week9_Delegates\Week9_Delegates.csproj", "{2E483B7B-631E-453A-8FA2-578923D3E0CE}"
EndProject
Project("{FAE04EC0-301F-11D3-BF4B-00C04F79EFBC}") = "Week9_Events", "Week9_Events\Week9_Events.csproj", "{0F9D2A2D-C7A2-45D6-96F9-B3FEBF47D671}"
EndProject
Project("{FAE04EC0-301F-11D3-BF4B-00C04F79EFBC}") = "Week9_AnonymousMethods", "Week9_AnonymousMethods\Week9_AnonymousMethods.csproj", "{9965F2CE-142D-4135-BA6E-0EFD4DEA5B4E}"
EndProject
Project("{FAE04EC0-301F-11D3-BF4B-00C04F79EFBC}") = "Week10_ArrayList", "Week10_ArrayList\Week10_ArrayList.csproj", "{B8691E03-4448-4264-A858-C6DD8A401FC3}"
EndProject
Project("{FAE04EC0-301F-11D3-BF4B-00C04F79EFBC}") = "Week10_GenericCollectionIntro", "Week10_GenericCollectionIntro\Week10_GenericCollectionIntro.csproj", "{E6948796-721E-44F6-A2D0-34369E154B85}"
EndProject
Project("{FAE04EC0-301F-11D3-BF4B-00C04F79EFBC}") = "Week10_Queues", "Week10_Queues\Week10_Queues.csproj", "{E8EE03E0-C9F4-40DF-9691-61B8BDB8C20B}"
EndProject
Project("{FAE04EC0-301F-11D3-BF4B-00C04F79EFBC}") = "Week10_Stack", "Week10_Stack\Week10_Stack.csproj", "{389D996B-DE2C-49D8-B1FA-5035DA80C437}"
EndProject
Project("{FAE04EC0-301F-11D3-BF4B-00C04F79EFBC}") = "Week10_Dictionaries", "Week10_Dictionaries\Week10_Dictionaries.csproj", "{625354C7-7FC6-4E33-8EC3-99B7D6EE5AD9}"
EndProject
Project("{FAE04EC0-301F-11D3-BF4B-00C04F79EFBC}") = "Week11_OverloadedMethods", "Week11_OverloadedMethods\Week11_OverloadedMethods.csproj", "{AD8B3F2C-71A3-4355-89D6-342109DE3464}"
EndProject
Project("{FAE04EC0-301F-11D3-BF4B-00C04F79EFBC}") = "Week11_GenericMethods", "Week11_GenericMethods\Week11_GenericMethods.csproj", "{51375E3D-0843-4226-B59D-1744F264AC95}"
EndProject
Project("{FAE04EC0-301F-11D3-BF4B-00C04F79EFBC}") = "Week11_TypeConstraints", "Week11_TypeConstraints\Week11_TypeConstraints.csproj", "{0133EC24-A2F0-4409-A9B3-C7F557E8D9AC}"
EndProject
Project("{FAE04EC0-301F-11D3-BF4B-00C04F79EFBC}") = "Week11_GenericClasses", "Week11_GenericClasses\Week11_GenericClasses.csproj", "{63A3F800-62F1-4511-8C8B-F9684B3CCD41}"
EndProject
Project("{FAE04EC0-301F-11D3-BF4B-00C04F79EFBC}") = "Week11_FunctionalProgramming", "Week11_FunctionalProgramming\Week11_FunctionalProgramming.csproj", "{D8ECD39E-41F5-49C8-BEED-8ED01D591586}"
EndProject
Project("{FAE04EC0-301F-11D3-BF4B-00C04F79EFBC}") = "Week11_FilterMapReduce", "Week11_FilterMapReduce\Week11_FilterMapReduce.csproj", "{12DF7C8D-D863-481B-AFD7-EDE700E36B22}"
EndProject
Project("{FAE04EC0-301F-11D3-BF4B-00C04F79EFBC}") = "Week12_Database", "Week12_Database\Week12_Database.csproj", "{4D67495A-E738-4444-87F1-7B6661C94DDC}"
EndProject
Project("{FAE04EC0-301F-11D3-BF4B-00C04F79EFBC}") = "Week13_LINQDeeperLook", "Week13_LINQDeeperLook\Week13_LINQDeeperLook.csproj", "{676062E2-94F9-44E1-96BA-768CAA4AE534}"
EndProject
Project("{FAE04EC0-301F-11D3-BF4B-00C04F79EFBC}") = "Week13_LinqToSql", "Week13_LinToSql\Week13_LinqToSql.csproj", "{959AA6D7-0066-4950-BC8A-4B2A46EF33D5}"
EndProject
Project("{FAE04EC0-301F-11D3-BF4B-00C04F79EFBC}") = "Week13_ObjectRelationalDesinger", "Week13_ORB\Week13_ObjectRelationalDesinger.csproj", "{58060572-ED88-4402-8965-6996195B2305}"
EndProject
Global
	GlobalSection(SolutionConfigurationPlatforms) = preSolution
		Debug|Any CPU = Debug|Any CPU
		Release|Any CPU = Release|Any CPU
	EndGlobalSection
	GlobalSection(ProjectConfigurationPlatforms) = postSolution
		{33BB881B-E3DF-4937-8122-7442F84708ED}.Debug|Any CPU.ActiveCfg = Debug|Any CPU
		{33BB881B-E3DF-4937-8122-7442F84708ED}.Debug|Any CPU.Build.0 = Debug|Any CPU
		{33BB881B-E3DF-4937-8122-7442F84708ED}.Release|Any CPU.ActiveCfg = Release|Any CPU
		{33BB881B-E3DF-4937-8122-7442F84708ED}.Release|Any CPU.Build.0 = Release|Any CPU
		{C9031E20-19B4-4372-B622-619E5A894BEE}.Debug|Any CPU.ActiveCfg = Debug|Any CPU
		{C9031E20-19B4-4372-B622-619E5A894BEE}.Debug|Any CPU.Build.0 = Debug|Any CPU
		{C9031E20-19B4-4372-B622-619E5A894BEE}.Release|Any CPU.ActiveCfg = Release|Any CPU
		{C9031E20-19B4-4372-B622-619E5A894BEE}.Release|Any CPU.Build.0 = Release|Any CPU
		{FC7B682F-F12A-4A75-83BD-53F9C73F4736}.Debug|Any CPU.ActiveCfg = Debug|Any CPU
		{FC7B682F-F12A-4A75-83BD-53F9C73F4736}.Debug|Any CPU.Build.0 = Debug|Any CPU
		{FC7B682F-F12A-4A75-83BD-53F9C73F4736}.Release|Any CPU.ActiveCfg = Release|Any CPU
		{FC7B682F-F12A-4A75-83BD-53F9C73F4736}.Release|Any CPU.Build.0 = Release|Any CPU
		{8811DA31-DB2A-4F39-9705-5417288411F0}.Debug|Any CPU.ActiveCfg = Debug|Any CPU
		{8811DA31-DB2A-4F39-9705-5417288411F0}.Debug|Any CPU.Build.0 = Debug|Any CPU
		{8811DA31-DB2A-4F39-9705-5417288411F0}.Release|Any CPU.ActiveCfg = Release|Any CPU
		{8811DA31-DB2A-4F39-9705-5417288411F0}.Release|Any CPU.Build.0 = Release|Any CPU
		{D34E33B7-7925-47F5-A660-52E931BF574A}.Debug|Any CPU.ActiveCfg = Debug|Any CPU
		{D34E33B7-7925-47F5-A660-52E931BF574A}.Debug|Any CPU.Build.0 = Debug|Any CPU
		{D34E33B7-7925-47F5-A660-52E931BF574A}.Release|Any CPU.ActiveCfg = Release|Any CPU
		{D34E33B7-7925-47F5-A660-52E931BF574A}.Release|Any CPU.Build.0 = Release|Any CPU
		{76754385-DE50-4777-9B1F-83A54D3BF7BA}.Debug|Any CPU.ActiveCfg = Debug|Any CPU
		{76754385-DE50-4777-9B1F-83A54D3BF7BA}.Debug|Any CPU.Build.0 = Debug|Any CPU
		{76754385-DE50-4777-9B1F-83A54D3BF7BA}.Release|Any CPU.ActiveCfg = Release|Any CPU
		{76754385-DE50-4777-9B1F-83A54D3BF7BA}.Release|Any CPU.Build.0 = Release|Any CPU
		{8B36EA85-6D9F-49DC-BE1A-D2894AB07688}.Debug|Any CPU.ActiveCfg = Debug|Any CPU
		{8B36EA85-6D9F-49DC-BE1A-D2894AB07688}.Debug|Any CPU.Build.0 = Debug|Any CPU
		{8B36EA85-6D9F-49DC-BE1A-D2894AB07688}.Release|Any CPU.ActiveCfg = Release|Any CPU
		{8B36EA85-6D9F-49DC-BE1A-D2894AB07688}.Release|Any CPU.Build.0 = Release|Any CPU
		{FF3DBC11-ABEE-427D-BB11-0A47F648A1EF}.Debug|Any CPU.ActiveCfg = Debug|Any CPU
		{FF3DBC11-ABEE-427D-BB11-0A47F648A1EF}.Debug|Any CPU.Build.0 = Debug|Any CPU
		{FF3DBC11-ABEE-427D-BB11-0A47F648A1EF}.Release|Any CPU.ActiveCfg = Release|Any CPU
		{FF3DBC11-ABEE-427D-BB11-0A47F648A1EF}.Release|Any CPU.Build.0 = Release|Any CPU
		{20B9079B-ECB7-43BF-8ADF-BCAE3C61B3CB}.Debug|Any CPU.ActiveCfg = Debug|Any CPU
		{20B9079B-ECB7-43BF-8ADF-BCAE3C61B3CB}.Debug|Any CPU.Build.0 = Debug|Any CPU
		{20B9079B-ECB7-43BF-8ADF-BCAE3C61B3CB}.Release|Any CPU.ActiveCfg = Release|Any CPU
		{20B9079B-ECB7-43BF-8ADF-BCAE3C61B3CB}.Release|Any CPU.Build.0 = Release|Any CPU
		{2A79F208-91CC-4127-B4D6-6A194C0DD32C}.Debug|Any CPU.ActiveCfg = Debug|Any CPU
		{2A79F208-91CC-4127-B4D6-6A194C0DD32C}.Debug|Any CPU.Build.0 = Debug|Any CPU
		{2A79F208-91CC-4127-B4D6-6A194C0DD32C}.Release|Any CPU.ActiveCfg = Release|Any CPU
		{2A79F208-91CC-4127-B4D6-6A194C0DD32C}.Release|Any CPU.Build.0 = Release|Any CPU
		{35DEE6E7-4578-4C4F-ADF9-82EFF7476D34}.Debug|Any CPU.ActiveCfg = Debug|Any CPU
		{35DEE6E7-4578-4C4F-ADF9-82EFF7476D34}.Debug|Any CPU.Build.0 = Debug|Any CPU
		{35DEE6E7-4578-4C4F-ADF9-82EFF7476D34}.Release|Any CPU.ActiveCfg = Release|Any CPU
		{35DEE6E7-4578-4C4F-ADF9-82EFF7476D34}.Release|Any CPU.Build.0 = Release|Any CPU
		{E0877EDB-9F57-4614-AE05-F582FC8DC28B}.Debug|Any CPU.ActiveCfg = Debug|Any CPU
		{E0877EDB-9F57-4614-AE05-F582FC8DC28B}.Debug|Any CPU.Build.0 = Debug|Any CPU
		{E0877EDB-9F57-4614-AE05-F582FC8DC28B}.Release|Any CPU.ActiveCfg = Release|Any CPU
		{E0877EDB-9F57-4614-AE05-F582FC8DC28B}.Release|Any CPU.Build.0 = Release|Any CPU
		{D4A3FD23-7375-4A58-A93C-54A5AC7F9A0A}.Debug|Any CPU.ActiveCfg = Debug|Any CPU
		{D4A3FD23-7375-4A58-A93C-54A5AC7F9A0A}.Debug|Any CPU.Build.0 = Debug|Any CPU
		{D4A3FD23-7375-4A58-A93C-54A5AC7F9A0A}.Release|Any CPU.ActiveCfg = Release|Any CPU
		{D4A3FD23-7375-4A58-A93C-54A5AC7F9A0A}.Release|Any CPU.Build.0 = Release|Any CPU
		{7EEF8D72-FDE5-45EB-81A0-5AD5897ADEBC}.Debug|Any CPU.ActiveCfg = Debug|Any CPU
		{7EEF8D72-FDE5-45EB-81A0-5AD5897ADEBC}.Debug|Any CPU.Build.0 = Debug|Any CPU
		{7EEF8D72-FDE5-45EB-81A0-5AD5897ADEBC}.Release|Any CPU.ActiveCfg = Release|Any CPU
		{7EEF8D72-FDE5-45EB-81A0-5AD5897ADEBC}.Release|Any CPU.Build.0 = Release|Any CPU
		{0C44E004-7987-4B2F-B497-18C24416BB81}.Debug|Any CPU.ActiveCfg = Debug|Any CPU
		{0C44E004-7987-4B2F-B497-18C24416BB81}.Debug|Any CPU.Build.0 = Debug|Any CPU
		{0C44E004-7987-4B2F-B497-18C24416BB81}.Release|Any CPU.ActiveCfg = Release|Any CPU
		{0C44E004-7987-4B2F-B497-18C24416BB81}.Release|Any CPU.Build.0 = Release|Any CPU
		{5FBDF4B0-501C-4B32-A621-214DE62B521B}.Debug|Any CPU.ActiveCfg = Debug|Any CPU
		{5FBDF4B0-501C-4B32-A621-214DE62B521B}.Debug|Any CPU.Build.0 = Debug|Any CPU
		{5FBDF4B0-501C-4B32-A621-214DE62B521B}.Release|Any CPU.ActiveCfg = Release|Any CPU
		{5FBDF4B0-501C-4B32-A621-214DE62B521B}.Release|Any CPU.Build.0 = Release|Any CPU
		{C2AF93A9-7EF7-43A5-AEC7-8560316324CF}.Debug|Any CPU.ActiveCfg = Debug|Any CPU
		{C2AF93A9-7EF7-43A5-AEC7-8560316324CF}.Debug|Any CPU.Build.0 = Debug|Any CPU
		{C2AF93A9-7EF7-43A5-AEC7-8560316324CF}.Release|Any CPU.ActiveCfg = Release|Any CPU
		{C2AF93A9-7EF7-43A5-AEC7-8560316324CF}.Release|Any CPU.Build.0 = Release|Any CPU
		{8A5A7D43-7710-4C1D-85C1-3B69BC66BFB8}.Debug|Any CPU.ActiveCfg = Debug|Any CPU
		{8A5A7D43-7710-4C1D-85C1-3B69BC66BFB8}.Debug|Any CPU.Build.0 = Debug|Any CPU
		{8A5A7D43-7710-4C1D-85C1-3B69BC66BFB8}.Release|Any CPU.ActiveCfg = Release|Any CPU
		{8A5A7D43-7710-4C1D-85C1-3B69BC66BFB8}.Release|Any CPU.Build.0 = Release|Any CPU
		{167543CE-2EA4-43F6-98BC-F4E8777E3840}.Debug|Any CPU.ActiveCfg = Debug|Any CPU
		{167543CE-2EA4-43F6-98BC-F4E8777E3840}.Debug|Any CPU.Build.0 = Debug|Any CPU
		{167543CE-2EA4-43F6-98BC-F4E8777E3840}.Release|Any CPU.ActiveCfg = Release|Any CPU
		{167543CE-2EA4-43F6-98BC-F4E8777E3840}.Release|Any CPU.Build.0 = Release|Any CPU
		{F1463741-5AFF-4479-8675-6A89CAA1C673}.Debug|Any CPU.ActiveCfg = Debug|Any CPU
		{F1463741-5AFF-4479-8675-6A89CAA1C673}.Debug|Any CPU.Build.0 = Debug|Any CPU
		{F1463741-5AFF-4479-8675-6A89CAA1C673}.Release|Any CPU.ActiveCfg = Release|Any CPU
		{F1463741-5AFF-4479-8675-6A89CAA1C673}.Release|Any CPU.Build.0 = Release|Any CPU
		{BAAA1469-8FA1-4629-8DD6-013547152E1E}.Debug|Any CPU.ActiveCfg = Debug|Any CPU
		{BAAA1469-8FA1-4629-8DD6-013547152E1E}.Debug|Any CPU.Build.0 = Debug|Any CPU
		{BAAA1469-8FA1-4629-8DD6-013547152E1E}.Release|Any CPU.ActiveCfg = Release|Any CPU
		{BAAA1469-8FA1-4629-8DD6-013547152E1E}.Release|Any CPU.Build.0 = Release|Any CPU
		{B4EA7499-C871-4988-A8CB-B18DF77010AE}.Debug|Any CPU.ActiveCfg = Debug|Any CPU
		{B4EA7499-C871-4988-A8CB-B18DF77010AE}.Debug|Any CPU.Build.0 = Debug|Any CPU
		{B4EA7499-C871-4988-A8CB-B18DF77010AE}.Release|Any CPU.ActiveCfg = Release|Any CPU
		{B4EA7499-C871-4988-A8CB-B18DF77010AE}.Release|Any CPU.Build.0 = Release|Any CPU
		{8E81DF33-3405-4EE3-A31E-FBBE47DE28E8}.Debug|Any CPU.ActiveCfg = Debug|Any CPU
		{8E81DF33-3405-4EE3-A31E-FBBE47DE28E8}.Debug|Any CPU.Build.0 = Debug|Any CPU
		{8E81DF33-3405-4EE3-A31E-FBBE47DE28E8}.Release|Any CPU.ActiveCfg = Release|Any CPU
		{8E81DF33-3405-4EE3-A31E-FBBE47DE28E8}.Release|Any CPU.Build.0 = Release|Any CPU
		{BC4EA7EF-8BC9-4D0C-A552-995775D25A0A}.Debug|Any CPU.ActiveCfg = Debug|Any CPU
		{BC4EA7EF-8BC9-4D0C-A552-995775D25A0A}.Debug|Any CPU.Build.0 = Debug|Any CPU
		{BC4EA7EF-8BC9-4D0C-A552-995775D25A0A}.Release|Any CPU.ActiveCfg = Release|Any CPU
		{BC4EA7EF-8BC9-4D0C-A552-995775D25A0A}.Release|Any CPU.Build.0 = Release|Any CPU
		{B0A0995A-7321-458B-948B-AE6FF198F917}.Debug|Any CPU.ActiveCfg = Debug|Any CPU
		{B0A0995A-7321-458B-948B-AE6FF198F917}.Debug|Any CPU.Build.0 = Debug|Any CPU
		{B0A0995A-7321-458B-948B-AE6FF198F917}.Release|Any CPU.ActiveCfg = Release|Any CPU
		{B0A0995A-7321-458B-948B-AE6FF198F917}.Release|Any CPU.Build.0 = Release|Any CPU
		{C493CF01-3AEE-4661-81C2-BD8C83138366}.Debug|Any CPU.ActiveCfg = Debug|Any CPU
		{C493CF01-3AEE-4661-81C2-BD8C83138366}.Debug|Any CPU.Build.0 = Debug|Any CPU
		{C493CF01-3AEE-4661-81C2-BD8C83138366}.Release|Any CPU.ActiveCfg = Release|Any CPU
		{C493CF01-3AEE-4661-81C2-BD8C83138366}.Release|Any CPU.Build.0 = Release|Any CPU
		{6BC683A3-E353-4A89-BF15-004BDE9305F5}.Debug|Any CPU.ActiveCfg = Debug|Any CPU
		{6BC683A3-E353-4A89-BF15-004BDE9305F5}.Debug|Any CPU.Build.0 = Debug|Any CPU
		{6BC683A3-E353-4A89-BF15-004BDE9305F5}.Release|Any CPU.ActiveCfg = Release|Any CPU
		{6BC683A3-E353-4A89-BF15-004BDE9305F5}.Release|Any CPU.Build.0 = Release|Any CPU
		{0B974290-3DED-45AC-B80A-C8C3115ED59F}.Debug|Any CPU.ActiveCfg = Debug|Any CPU
		{0B974290-3DED-45AC-B80A-C8C3115ED59F}.Debug|Any CPU.Build.0 = Debug|Any CPU
		{0B974290-3DED-45AC-B80A-C8C3115ED59F}.Release|Any CPU.ActiveCfg = Release|Any CPU
		{0B974290-3DED-45AC-B80A-C8C3115ED59F}.Release|Any CPU.Build.0 = Release|Any CPU
		{8781909A-4B6B-4DFA-B4FD-CA5897133D98}.Debug|Any CPU.ActiveCfg = Debug|Any CPU
		{8781909A-4B6B-4DFA-B4FD-CA5897133D98}.Debug|Any CPU.Build.0 = Debug|Any CPU
		{8781909A-4B6B-4DFA-B4FD-CA5897133D98}.Release|Any CPU.ActiveCfg = Release|Any CPU
		{8781909A-4B6B-4DFA-B4FD-CA5897133D98}.Release|Any CPU.Build.0 = Release|Any CPU
		{2E483B7B-631E-453A-8FA2-578923D3E0CE}.Debug|Any CPU.ActiveCfg = Debug|Any CPU
		{2E483B7B-631E-453A-8FA2-578923D3E0CE}.Debug|Any CPU.Build.0 = Debug|Any CPU
		{2E483B7B-631E-453A-8FA2-578923D3E0CE}.Release|Any CPU.ActiveCfg = Release|Any CPU
		{2E483B7B-631E-453A-8FA2-578923D3E0CE}.Release|Any CPU.Build.0 = Release|Any CPU
		{0F9D2A2D-C7A2-45D6-96F9-B3FEBF47D671}.Debug|Any CPU.ActiveCfg = Debug|Any CPU
		{0F9D2A2D-C7A2-45D6-96F9-B3FEBF47D671}.Debug|Any CPU.Build.0 = Debug|Any CPU
		{0F9D2A2D-C7A2-45D6-96F9-B3FEBF47D671}.Release|Any CPU.ActiveCfg = Release|Any CPU
		{0F9D2A2D-C7A2-45D6-96F9-B3FEBF47D671}.Release|Any CPU.Build.0 = Release|Any CPU
		{9965F2CE-142D-4135-BA6E-0EFD4DEA5B4E}.Debug|Any CPU.ActiveCfg = Debug|Any CPU
		{9965F2CE-142D-4135-BA6E-0EFD4DEA5B4E}.Debug|Any CPU.Build.0 = Debug|Any CPU
		{9965F2CE-142D-4135-BA6E-0EFD4DEA5B4E}.Release|Any CPU.ActiveCfg = Release|Any CPU
		{9965F2CE-142D-4135-BA6E-0EFD4DEA5B4E}.Release|Any CPU.Build.0 = Release|Any CPU
		{B8691E03-4448-4264-A858-C6DD8A401FC3}.Debug|Any CPU.ActiveCfg = Debug|Any CPU
		{B8691E03-4448-4264-A858-C6DD8A401FC3}.Debug|Any CPU.Build.0 = Debug|Any CPU
		{B8691E03-4448-4264-A858-C6DD8A401FC3}.Release|Any CPU.ActiveCfg = Release|Any CPU
		{B8691E03-4448-4264-A858-C6DD8A401FC3}.Release|Any CPU.Build.0 = Release|Any CPU
		{E6948796-721E-44F6-A2D0-34369E154B85}.Debug|Any CPU.ActiveCfg = Debug|Any CPU
		{E6948796-721E-44F6-A2D0-34369E154B85}.Debug|Any CPU.Build.0 = Debug|Any CPU
		{E6948796-721E-44F6-A2D0-34369E154B85}.Release|Any CPU.ActiveCfg = Release|Any CPU
		{E6948796-721E-44F6-A2D0-34369E154B85}.Release|Any CPU.Build.0 = Release|Any CPU
		{E8EE03E0-C9F4-40DF-9691-61B8BDB8C20B}.Debug|Any CPU.ActiveCfg = Debug|Any CPU
		{E8EE03E0-C9F4-40DF-9691-61B8BDB8C20B}.Debug|Any CPU.Build.0 = Debug|Any CPU
		{E8EE03E0-C9F4-40DF-9691-61B8BDB8C20B}.Release|Any CPU.ActiveCfg = Release|Any CPU
		{E8EE03E0-C9F4-40DF-9691-61B8BDB8C20B}.Release|Any CPU.Build.0 = Release|Any CPU
		{389D996B-DE2C-49D8-B1FA-5035DA80C437}.Debug|Any CPU.ActiveCfg = Debug|Any CPU
		{389D996B-DE2C-49D8-B1FA-5035DA80C437}.Debug|Any CPU.Build.0 = Debug|Any CPU
		{389D996B-DE2C-49D8-B1FA-5035DA80C437}.Release|Any CPU.ActiveCfg = Release|Any CPU
		{389D996B-DE2C-49D8-B1FA-5035DA80C437}.Release|Any CPU.Build.0 = Release|Any CPU
		{625354C7-7FC6-4E33-8EC3-99B7D6EE5AD9}.Debug|Any CPU.ActiveCfg = Debug|Any CPU
		{625354C7-7FC6-4E33-8EC3-99B7D6EE5AD9}.Debug|Any CPU.Build.0 = Debug|Any CPU
		{625354C7-7FC6-4E33-8EC3-99B7D6EE5AD9}.Release|Any CPU.ActiveCfg = Release|Any CPU
		{625354C7-7FC6-4E33-8EC3-99B7D6EE5AD9}.Release|Any CPU.Build.0 = Release|Any CPU
		{AD8B3F2C-71A3-4355-89D6-342109DE3464}.Debug|Any CPU.ActiveCfg = Debug|Any CPU
		{AD8B3F2C-71A3-4355-89D6-342109DE3464}.Debug|Any CPU.Build.0 = Debug|Any CPU
		{AD8B3F2C-71A3-4355-89D6-342109DE3464}.Release|Any CPU.ActiveCfg = Release|Any CPU
		{AD8B3F2C-71A3-4355-89D6-342109DE3464}.Release|Any CPU.Build.0 = Release|Any CPU
		{51375E3D-0843-4226-B59D-1744F264AC95}.Debug|Any CPU.ActiveCfg = Debug|Any CPU
		{51375E3D-0843-4226-B59D-1744F264AC95}.Debug|Any CPU.Build.0 = Debug|Any CPU
		{51375E3D-0843-4226-B59D-1744F264AC95}.Release|Any CPU.ActiveCfg = Release|Any CPU
		{51375E3D-0843-4226-B59D-1744F264AC95}.Release|Any CPU.Build.0 = Release|Any CPU
		{0133EC24-A2F0-4409-A9B3-C7F557E8D9AC}.Debug|Any CPU.ActiveCfg = Debug|Any CPU
		{0133EC24-A2F0-4409-A9B3-C7F557E8D9AC}.Debug|Any CPU.Build.0 = Debug|Any CPU
		{0133EC24-A2F0-4409-A9B3-C7F557E8D9AC}.Release|Any CPU.ActiveCfg = Release|Any CPU
		{0133EC24-A2F0-4409-A9B3-C7F557E8D9AC}.Release|Any CPU.Build.0 = Release|Any CPU
		{63A3F800-62F1-4511-8C8B-F9684B3CCD41}.Debug|Any CPU.ActiveCfg = Debug|Any CPU
		{63A3F800-62F1-4511-8C8B-F9684B3CCD41}.Debug|Any CPU.Build.0 = Debug|Any CPU
		{63A3F800-62F1-4511-8C8B-F9684B3CCD41}.Release|Any CPU.ActiveCfg = Release|Any CPU
		{63A3F800-62F1-4511-8C8B-F9684B3CCD41}.Release|Any CPU.Build.0 = Release|Any CPU
		{D8ECD39E-41F5-49C8-BEED-8ED01D591586}.Debug|Any CPU.ActiveCfg = Debug|Any CPU
		{D8ECD39E-41F5-49C8-BEED-8ED01D591586}.Debug|Any CPU.Build.0 = Debug|Any CPU
		{D8ECD39E-41F5-49C8-BEED-8ED01D591586}.Release|Any CPU.ActiveCfg = Release|Any CPU
		{D8ECD39E-41F5-49C8-BEED-8ED01D591586}.Release|Any CPU.Build.0 = Release|Any CPU
		{12DF7C8D-D863-481B-AFD7-EDE700E36B22}.Debug|Any CPU.ActiveCfg = Debug|Any CPU
		{12DF7C8D-D863-481B-AFD7-EDE700E36B22}.Debug|Any CPU.Build.0 = Debug|Any CPU
		{12DF7C8D-D863-481B-AFD7-EDE700E36B22}.Release|Any CPU.ActiveCfg = Release|Any CPU
		{12DF7C8D-D863-481B-AFD7-EDE700E36B22}.Release|Any CPU.Build.0 = Release|Any CPU
		{4D67495A-E738-4444-87F1-7B6661C94DDC}.Debug|Any CPU.ActiveCfg = Debug|Any CPU
		{4D67495A-E738-4444-87F1-7B6661C94DDC}.Debug|Any CPU.Build.0 = Debug|Any CPU
		{4D67495A-E738-4444-87F1-7B6661C94DDC}.Release|Any CPU.ActiveCfg = Release|Any CPU
		{4D67495A-E738-4444-87F1-7B6661C94DDC}.Release|Any CPU.Build.0 = Release|Any CPU
		{676062E2-94F9-44E1-96BA-768CAA4AE534}.Debug|Any CPU.ActiveCfg = Debug|Any CPU
		{676062E2-94F9-44E1-96BA-768CAA4AE534}.Debug|Any CPU.Build.0 = Debug|Any CPU
		{676062E2-94F9-44E1-96BA-768CAA4AE534}.Release|Any CPU.ActiveCfg = Release|Any CPU
		{676062E2-94F9-44E1-96BA-768CAA4AE534}.Release|Any CPU.Build.0 = Release|Any CPU
		{959AA6D7-0066-4950-BC8A-4B2A46EF33D5}.Debug|Any CPU.ActiveCfg = Debug|Any CPU
		{959AA6D7-0066-4950-BC8A-4B2A46EF33D5}.Debug|Any CPU.Build.0 = Debug|Any CPU
		{959AA6D7-0066-4950-BC8A-4B2A46EF33D5}.Release|Any CPU.ActiveCfg = Release|Any CPU
		{959AA6D7-0066-4950-BC8A-4B2A46EF33D5}.Release|Any CPU.Build.0 = Release|Any CPU
		{58060572-ED88-4402-8965-6996195B2305}.Debug|Any CPU.ActiveCfg = Debug|Any CPU
		{58060572-ED88-4402-8965-6996195B2305}.Debug|Any CPU.Build.0 = Debug|Any CPU
		{58060572-ED88-4402-8965-6996195B2305}.Release|Any CPU.ActiveCfg = Release|Any CPU
		{58060572-ED88-4402-8965-6996195B2305}.Release|Any CPU.Build.0 = Release|Any CPU
	EndGlobalSection
	GlobalSection(SolutionProperties) = preSolution
		HideSolutionNode = FALSE
	EndGlobalSection
	GlobalSection(ExtensibilityGlobals) = postSolution
		SolutionGuid = {790F16EB-146F-4A47-80EE-214F8AD2B760}
	EndGlobalSection
EndGlobal
